dependencies:
  espressif/led_strip:
    component_hash: 28621486f77229aaf81c71f5e15d6fbf36c2949cf11094e07090593e659e7639
    dependencies:
    - name: idf
      require: private
      version: '>=5.0'
    source:
      registry_url: https://components.espressif.com/
      type: service
    version: 3.0.3
  fasani/adafruit_gfx:
    component_hash: 8e1c83032d233ad8db4adc82209e1c7f89b9784513d7dd70bdc95260b3409135
    dependencies: []
    source:
      registry_url: https://components.espressif.com/
      type: service
    version: 1.7.8
  idf:
    source:
      type: idf
    version: 6.0.1
  nopnop2002/st7789:
    component_hash: 58c7fa67a337fe5cc806431f191c2a41fe48c0500fcc26b4713a272bec476f88
    dependencies: []
    source:
      git: https://github.com/nopnop2002/esp-idf-st7789.git
      path: components/st7789
      type: git
    version: 9971c143e05da4831fd59f1e94465987cb2bbbff
direct_dependencies:
- espressif/led_strip
- fasani/adafruit_gfx
- idf
- nopnop2002/st7789
manifest_hash: 85efd3e6e9be8a37589b5c0c467236fd11ddf3976e9d314e4f6a080c7843a724
target: esp32s3
version: 3.0.0
